Microsoft Visual Studio Solution File, Format Version 12.00
# Visual Studio Version 17
VisualStudioVersion = 17.4.33205.214
MinimumVisualStudioVersion = 15.0
Project("{9A19103F-16F7-4668-BE54-9A1E7A4F7556}") = "Oxide.Rustigate", "Oxide.Rustigate.csproj", "{96A2839D-189F-4B32-A49B-B4FF681467FB}"
EndProject
Global
	GlobalSection(SolutionConfigurationPlatforms) = preSolution
		Debug|Any CPU = Debug|Any CPU
		Release|Any CPU = Release|Any CPU
	EndGlobalSection
	GlobalSection(ProjectConfigurationPlatforms) = postSolution
		{96A2839D-189F-4B32-A49B-B4FF681467FB}.Debug|Any CPU.ActiveCfg = Debug|Any CPU
		{96A2839D-189F-4B32-A49B-B4FF681467FB}.Debug|Any CPU.Build.0 = Debug|Any CPU
		{96A2839D-189F-4B32-A49B-B4FF681467FB}.Release|Any CPU.ActiveCfg = Release|Any CPU
		{96A2839D-189F-4B32-A49B-B4FF681467FB}.Release|Any CPU.Build.0 = Release|Any CPU
	EndGlobalSection
	GlobalSection(SolutionProperties) = preSolution
		HideSolutionNode = FALSE
	EndGlobalSection
	GlobalSection(ExtensibilityGlobals) = postSolution
		SolutionGuid = {4296AECA-524F-4C96-BEA4-28EF3AB05B5C}
	EndGlobalSection
EndGlobal
